
Microsoft Visual Studio Solution File, Format Version 12.00
# Visual Studio 15
VisualStudioVersion = 15.0.26430.6
MinimumVisualStudioVersion = 10.0.40219.1
Project("{FAE04EC0-301F-11D3-BF4B-00C04F79EFBC}") = "Modulo_4_Lab.Android", "Modulo_4_Lab\Modulo_4_Lab.Android\Modulo_4_Lab.Android.csproj", "{96410AF5-2F61-4971-920B-FED848105B9A}"
EndProject
Project("{FAE04EC0-301F-11D3-BF4B-00C04F79EFBC}") = "Modulo_4_Lab", "Modulo_4_Lab\Modulo_4_Lab\Modulo_4_Lab.csproj", "{CE852B35-0FDA-483A-8C3A-788E77045904}"
EndProject
Project("{FAE04EC0-301F-11D3-BF4B-00C04F79EFBC}") = "Modulo_4_Lab.UWP", "Modulo_4_Lab\Modulo_4_Lab.UWP\Modulo_4_Lab.UWP.csproj", "{0F2DEBF8-691C-45D6-899C-F71BFFB0C6EC}"
EndProject
Project("{FAE04EC0-301F-11D3-BF4B-00C04F79EFBC}") = "Modulo_4_Lab.iOS", "Modulo_4_Lab\Modulo_4_Lab.iOS\Modulo_4_Lab.iOS.csproj", "{DA796C9D-6078-4FF3-8825-0E526FE89290}"
EndProject
Global
	GlobalSection(SolutionConfigurationPlatforms) = preSolution
		Ad-Hoc|Any CPU = Ad-Hoc|Any CPU
		Ad-Hoc|ARM = Ad-Hoc|ARM
		Ad-Hoc|iPhone = Ad-Hoc|iPhone
		Ad-Hoc|iPhoneSimulator = Ad-Hoc|iPhoneSimulator
		Ad-Hoc|x64 = Ad-Hoc|x64
		Ad-Hoc|x86 = Ad-Hoc|x86
		AppStore|Any CPU = AppStore|Any CPU
		AppStore|ARM = AppStore|ARM
		AppStore|iPhone = AppStore|iPhone
		AppStore|iPhoneSimulator = AppStore|iPhoneSimulator
		AppStore|x64 = AppStore|x64
		AppStore|x86 = AppStore|x86
		Debug|Any CPU = Debug|Any CPU
		Debug|ARM = Debug|ARM
		Debug|iPhone = Debug|iPhone
		Debug|iPhoneSimulator = Debug|iPhoneSimulator
		Debug|x64 = Debug|x64
		Debug|x86 = Debug|x86
		Release|Any CPU = Release|Any CPU
		Release|ARM = Release|ARM
		Release|iPhone = Release|iPhone
		Release|iPhoneSimulator = Release|iPhoneSimulator
		Release|x64 = Release|x64
		Release|x86 = Release|x86
	EndGlobalSection
	GlobalSection(ProjectConfigurationPlatforms) = postSolution
		{96410AF5-2F61-4971-920B-FED848105B9A}.Ad-Hoc|Any CPU.ActiveCfg = Release|Any CPU
		{96410AF5-2F61-4971-920B-FED848105B9A}.Ad-Hoc|Any CPU.Build.0 = Release|Any CPU
		{96410AF5-2F61-4971-920B-FED848105B9A}.Ad-Hoc|Any CPU.Deploy.0 = Release|Any CPU
		{96410AF5-2F61-4971-920B-FED848105B9A}.Ad-Hoc|ARM.ActiveCfg = Release|Any CPU
		{96410AF5-2F61-4971-920B-FED848105B9A}.Ad-Hoc|ARM.Build.0 = Release|Any CPU
		{96410AF5-2F61-4971-920B-FED848105B9A}.Ad-Hoc|ARM.Deploy.0 = Release|Any CPU
		{96410AF5-2F61-4971-920B-FED848105B9A}.Ad-Hoc|iPhone.ActiveCfg = Release|Any CPU
		{96410AF5-2F61-4971-920B-FED848105B9A}.Ad-Hoc|iPhone.Build.0 = Release|Any CPU
		{96410AF5-2F61-4971-920B-FED848105B9A}.Ad-Hoc|iPhone.Deploy.0 = Release|Any CPU
		{96410AF5-2F61-4971-920B-FED848105B9A}.Ad-Hoc|iPhoneSimulator.ActiveCfg = Release|Any CPU
		{96410AF5-2F61-4971-920B-FED848105B9A}.Ad-Hoc|iPhoneSimulator.Build.0 = Release|Any CPU
		{96410AF5-2F61-4971-920B-FED848105B9A}.Ad-Hoc|iPhoneSimulator.Deploy.0 = Release|Any CPU
		{96410AF5-2F61-4971-920B-FED848105B9A}.Ad-Hoc|x64.ActiveCfg = Release|Any CPU
		{96410AF5-2F61-4971-920B-FED848105B9A}.Ad-Hoc|x64.Build.0 = Release|Any CPU
		{96410AF5-2F61-4971-920B-FED848105B9A}.Ad-Hoc|x64.Deploy.0 = Release|Any CPU
		{96410AF5-2F61-4971-920B-FED848105B9A}.Ad-Hoc|x86.ActiveCfg = Release|Any CPU
		{96410AF5-2F61-4971-920B-FED848105B9A}.Ad-Hoc|x86.Build.0 = Release|Any CPU
		{96410AF5-2F61-4971-920B-FED848105B9A}.Ad-Hoc|x86.Deploy.0 = Release|Any CPU
		{96410AF5-2F61-4971-920B-FED848105B9A}.AppStore|Any CPU.ActiveCfg = Release|Any CPU
		{96410AF5-2F61-4971-920B-FED848105B9A}.AppStore|Any CPU.Build.0 = Release|Any CPU
		{96410AF5-2F61-4971-920B-FED848105B9A}.AppStore|Any CPU.Deploy.0 = Release|Any CPU
		{96410AF5-2F61-4971-920B-FED848105B9A}.AppStore|ARM.ActiveCfg = Release|Any CPU
		{96410AF5-2F61-4971-920B-FED848105B9A}.AppStore|ARM.Build.0 = Release|Any CPU
		{96410AF5-2F61-4971-920B-FED848105B9A}.AppStore|ARM.Deploy.0 = Release|Any CPU
		{96410AF5-2F61-4971-920B-FED848105B9A}.AppStore|iPhone.ActiveCfg = Release|Any CPU
		{96410AF5-2F61-4971-920B-FED848105B9A}.AppStore|iPhone.Build.0 = Release|Any CPU
		{96410AF5-2F61-4971-920B-FED848105B9A}.AppStore|iPhone.Deploy.0 = Release|Any CPU
		{96410AF5-2F61-4971-920B-FED848105B9A}.AppStore|iPhoneSimulator.ActiveCfg = Release|Any CPU
		{96410AF5-2F61-4971-920B-FED848105B9A}.AppStore|iPhoneSimulator.Build.0 = Release|Any CPU
		{96410AF5-2F61-4971-920B-FED848105B9A}.AppStore|iPhoneSimulator.Deploy.0 = Release|Any CPU
		{96410AF5-2F61-4971-920B-FED848105B9A}.AppStore|x64.ActiveCfg = Release|Any CPU
		{96410AF5-2F61-4971-920B-FED848105B9A}.AppStore|x64.Build.0 = Release|Any CPU
		{96410AF5-2F61-4971-920B-FED848105B9A}.AppStore|x64.Deploy.0 = Release|Any CPU
		{96410AF5-2F61-4971-920B-FED848105B9A}.AppStore|x86.ActiveCfg = Release|Any CPU
		{96410AF5-2F61-4971-920B-FED848105B9A}.AppStore|x86.Build.0 = Release|Any CPU
		{96410AF5-2F61-4971-920B-FED848105B9A}.AppStore|x86.Deploy.0 = Release|Any CPU
		{96410AF5-2F61-4971-920B-FED848105B9A}.Debug|Any CPU.ActiveCfg = Debug|Any CPU
		{96410AF5-2F61-4971-920B-FED848105B9A}.Debug|Any CPU.Build.0 = Debug|Any CPU
		{96410AF5-2F61-4971-920B-FED848105B9A}.Debug|Any CPU.Deploy.0 = Debug|Any CPU
		{96410AF5-2F61-4971-920B-FED848105B9A}.Debug|ARM.ActiveCfg = Debug|Any CPU
		{96410AF5-2F61-4971-920B-FED848105B9A}.Debug|ARM.Build.0 = Debug|Any CPU
		{96410AF5-2F61-4971-920B-FED848105B9A}.Debug|ARM.Deploy.0 = Debug|Any CPU
		{96410AF5-2F61-4971-920B-FED848105B9A}.Debug|iPhone.ActiveCfg = Debug|Any CPU
		{96410AF5-2F61-4971-920B-FED848105B9A}.Debug|iPhone.Build.0 = Debug|Any CPU
		{96410AF5-2F61-4971-920B-FED848105B9A}.Debug|iPhone.Deploy.0 = Debug|Any CPU
		{96410AF5-2F61-4971-920B-FED848105B9A}.Debug|iPhoneSimulator.ActiveCfg = Debug|Any CPU
		{96410AF5-2F61-4971-920B-FED848105B9A}.Debug|iPhoneSimulator.Build.0 = Debug|Any CPU
		{96410AF5-2F61-4971-920B-FED848105B9A}.Debug|iPhoneSimulator.Deploy.0 = Debug|Any CPU
		{96410AF5-2F61-4971-920B-FED848105B9A}.Debug|x64.ActiveCfg = Debug|Any CPU
		{96410AF5-2F61-4971-920B-FED848105B9A}.Debug|x64.Build.0 = Debug|Any CPU
		{96410AF5-2F61-4971-920B-FED848105B9A}.Debug|x64.Deploy.0 = Debug|Any CPU
		{96410AF5-2F61-4971-920B-FED848105B9A}.Debug|x86.ActiveCfg = Debug|Any CPU
		{96410AF5-2F61-4971-920B-FED848105B9A}.Debug|x86.Build.0 = Debug|Any CPU
		{96410AF5-2F61-4971-920B-FED848105B9A}.Debug|x86.Deploy.0 = Debug|Any CPU
		{96410AF5-2F61-4971-920B-FED848105B9A}.Release|Any CPU.ActiveCfg = Release|Any CPU
		{96410AF5-2F61-4971-920B-FED848105B9A}.Release|Any CPU.Build.0 = Release|Any CPU
		{96410AF5-2F61-4971-920B-FED848105B9A}.Release|Any CPU.Deploy.0 = Release|Any CPU
		{96410AF5-2F61-4971-920B-FED848105B9A}.Release|ARM.ActiveCfg = Release|Any CPU
		{96410AF5-2F61-4971-920B-FED848105B9A}.Release|ARM.Build.0 = Release|Any CPU
		{96410AF5-2F61-4971-920B-FED848105B9A}.Release|ARM.Deploy.0 = Release|Any CPU
		{96410AF5-2F61-4971-920B-FED848105B9A}.Release|iPhone.ActiveCfg = Release|Any CPU
		{96410AF5-2F61-4971-920B-FED848105B9A}.Release|iPhone.Build.0 = Release|Any CPU
		{96410AF5-2F61-4971-920B-FED848105B9A}.Release|iPhone.Deploy.0 = Release|Any CPU
		{96410AF5-2F61-4971-920B-FED848105B9A}.Release|iPhoneSimulator.ActiveCfg = Release|Any CPU
		{96410AF5-2F61-4971-920B-FED848105B9A}.Release|iPhoneSimulator.Build.0 = Release|Any CPU
		{96410AF5-2F61-4971-920B-FED848105B9A}.Release|iPhoneSimulator.Deploy.0 = Release|Any CPU
		{96410AF5-2F61-4971-920B-FED848105B9A}.Release|x64.ActiveCfg = Release|Any CPU
		{96410AF5-2F61-4971-920B-FED848105B9A}.Release|x64.Build.0 = Release|Any CPU
		{96410AF5-2F61-4971-920B-FED848105B9A}.Release|x64.Deploy.0 = Release|Any CPU
		{96410AF5-2F61-4971-920B-FED848105B9A}.Release|x86.ActiveCfg = Release|Any CPU
		{96410AF5-2F61-4971-920B-FED848105B9A}.Release|x86.Build.0 = Release|Any CPU
		{96410AF5-2F61-4971-920B-FED848105B9A}.Release|x86.Deploy.0 = Release|Any CPU
		{CE852B35-0FDA-483A-8C3A-788E77045904}.Ad-Hoc|Any CPU.ActiveCfg = Release|Any CPU
		{CE852B35-0FDA-483A-8C3A-788E77045904}.Ad-Hoc|Any CPU.Build.0 = Release|Any CPU
		{CE852B35-0FDA-483A-8C3A-788E77045904}.Ad-Hoc|ARM.ActiveCfg = Release|Any CPU
		{CE852B35-0FDA-483A-8C3A-788E77045904}.Ad-Hoc|ARM.Build.0 = Release|Any CPU
		{CE852B35-0FDA-483A-8C3A-788E77045904}.Ad-Hoc|iPhone.ActiveCfg = Release|Any CPU
		{CE852B35-0FDA-483A-8C3A-788E77045904}.Ad-Hoc|iPhone.Build.0 = Release|Any CPU
		{CE852B35-0FDA-483A-8C3A-788E77045904}.Ad-Hoc|iPhoneSimulator.ActiveCfg = Release|Any CPU
		{CE852B35-0FDA-483A-8C3A-788E77045904}.Ad-Hoc|iPhoneSimulator.Build.0 = Release|Any CPU
		{CE852B35-0FDA-483A-8C3A-788E77045904}.Ad-Hoc|x64.ActiveCfg = Release|Any CPU
		{CE852B35-0FDA-483A-8C3A-788E77045904}.Ad-Hoc|x64.Build.0 = Release|Any CPU
		{CE852B35-0FDA-483A-8C3A-788E77045904}.Ad-Hoc|x86.ActiveCfg = Release|Any CPU
		{CE852B35-0FDA-483A-8C3A-788E77045904}.Ad-Hoc|x86.Build.0 = Release|Any CPU
		{CE852B35-0FDA-483A-8C3A-788E77045904}.AppStore|Any CPU.ActiveCfg = Release|Any CPU
		{CE852B35-0FDA-483A-8C3A-788E77045904}.AppStore|Any CPU.Build.0 = Release|Any CPU
		{CE852B35-0FDA-483A-8C3A-788E77045904}.AppStore|ARM.ActiveCfg = Release|Any CPU
		{CE852B35-0FDA-483A-8C3A-788E77045904}.AppStore|ARM.Build.0 = Release|Any CPU
		{CE852B35-0FDA-483A-8C3A-788E77045904}.AppStore|iPhone.ActiveCfg = Release|Any CPU
		{CE852B35-0FDA-483A-8C3A-788E77045904}.AppStore|iPhone.Build.0 = Release|Any CPU
		{CE852B35-0FDA-483A-8C3A-788E77045904}.AppStore|iPhoneSimulator.ActiveCfg = Release|Any CPU
		{CE852B35-0FDA-483A-8C3A-788E77045904}.AppStore|iPhoneSimulator.Build.0 = Release|Any CPU
		{CE852B35-0FDA-483A-8C3A-788E77045904}.AppStore|x64.ActiveCfg = Release|Any CPU
		{CE852B35-0FDA-483A-8C3A-788E77045904}.AppStore|x64.Build.0 = Release|Any CPU
		{CE852B35-0FDA-483A-8C3A-788E77045904}.AppStore|x86.ActiveCfg = Release|Any CPU
		{CE852B35-0FDA-483A-8C3A-788E77045904}.AppStore|x86.Build.0 = Release|Any CPU
		{CE852B35-0FDA-483A-8C3A-788E77045904}.Debug|Any CPU.ActiveCfg = Debug|Any CPU
		{CE852B35-0FDA-483A-8C3A-788E77045904}.Debug|Any CPU.Build.0 = Debug|Any CPU
		{CE852B35-0FDA-483A-8C3A-788E77045904}.Debug|ARM.ActiveCfg = Debug|Any CPU
		{CE852B35-0FDA-483A-8C3A-788E77045904}.Debug|ARM.Build.0 = Debug|Any CPU
		{CE852B35-0FDA-483A-8C3A-788E77045904}.Debug|iPhone.ActiveCfg = Debug|Any CPU
		{CE852B35-0FDA-483A-8C3A-788E77045904}.Debug|iPhone.Build.0 = Debug|Any CPU
		{CE852B35-0FDA-483A-8C3A-788E77045904}.Debug|iPhoneSimulator.ActiveCfg = Debug|Any CPU
		{CE852B35-0FDA-483A-8C3A-788E77045904}.Debug|iPhoneSimulator.Build.0 = Debug|Any CPU
		{CE852B35-0FDA-483A-8C3A-788E77045904}.Debug|x64.ActiveCfg = Debug|Any CPU
		{CE852B35-0FDA-483A-8C3A-788E77045904}.Debug|x64.Build.0 = Debug|Any CPU
		{CE852B35-0FDA-483A-8C3A-788E77045904}.Debug|x86.ActiveCfg = Debug|Any CPU
		{CE852B35-0FDA-483A-8C3A-788E77045904}.Debug|x86.Build.0 = Debug|Any CPU
		{CE852B35-0FDA-483A-8C3A-788E77045904}.Release|Any CPU.ActiveCfg = Release|Any CPU
		{CE852B35-0FDA-483A-8C3A-788E77045904}.Release|Any CPU.Build.0 = Release|Any CPU
		{CE852B35-0FDA-483A-8C3A-788E77045904}.Release|ARM.ActiveCfg = Release|Any CPU
		{CE852B35-0FDA-483A-8C3A-788E77045904}.Release|ARM.Build.0 = Release|Any CPU
		{CE852B35-0FDA-483A-8C3A-788E77045904}.Release|iPhone.ActiveCfg = Release|Any CPU
		{CE852B35-0FDA-483A-8C3A-788E77045904}.Release|iPhone.Build.0 = Release|Any CPU
		{CE852B35-0FDA-483A-8C3A-788E77045904}.Release|iPhoneSimulator.ActiveCfg = Release|Any CPU
		{CE852B35-0FDA-483A-8C3A-788E77045904}.Release|iPhoneSimulator.Build.0 = Release|Any CPU
		{CE852B35-0FDA-483A-8C3A-788E77045904}.Release|x64.ActiveCfg = Release|Any CPU
		{CE852B35-0FDA-483A-8C3A-788E77045904}.Release|x64.Build.0 = Release|Any CPU
		{CE852B35-0FDA-483A-8C3A-788E77045904}.Release|x86.ActiveCfg = Release|Any CPU
		{CE852B35-0FDA-483A-8C3A-788E77045904}.Release|x86.Build.0 = Release|Any CPU
		{0F2DEBF8-691C-45D6-899C-F71BFFB0C6EC}.Ad-Hoc|Any CPU.ActiveCfg = Release|x86
		{0F2DEBF8-691C-45D6-899C-F71BFFB0C6EC}.Ad-Hoc|Any CPU.Build.0 = Release|x86
		{0F2DEBF8-691C-45D6-899C-F71BFFB0C6EC}.Ad-Hoc|Any CPU.Deploy.0 = Release|x86
		{0F2DEBF8-691C-45D6-899C-F71BFFB0C6EC}.Ad-Hoc|ARM.ActiveCfg = Release|ARM
		{0F2DEBF8-691C-45D6-899C-F71BFFB0C6EC}.Ad-Hoc|ARM.Build.0 = Release|ARM
		{0F2DEBF8-691C-45D6-899C-F71BFFB0C6EC}.Ad-Hoc|ARM.Deploy.0 = Release|ARM
		{0F2DEBF8-691C-45D6-899C-F71BFFB0C6EC}.Ad-Hoc|iPhone.ActiveCfg = Release|x86
		{0F2DEBF8-691C-45D6-899C-F71BFFB0C6EC}.Ad-Hoc|iPhone.Build.0 = Release|x86
		{0F2DEBF8-691C-45D6-899C-F71BFFB0C6EC}.Ad-Hoc|iPhone.Deploy.0 = Release|x86
		{0F2DEBF8-691C-45D6-899C-F71BFFB0C6EC}.Ad-Hoc|iPhoneSimulator.ActiveCfg = Release|x86
		{0F2DEBF8-691C-45D6-899C-F71BFFB0C6EC}.Ad-Hoc|iPhoneSimulator.Build.0 = Release|x86
		{0F2DEBF8-691C-45D6-899C-F71BFFB0C6EC}.Ad-Hoc|iPhoneSimulator.Deploy.0 = Release|x86
		{0F2DEBF8-691C-45D6-899C-F71BFFB0C6EC}.Ad-Hoc|x64.ActiveCfg = Release|x64
		{0F2DEBF8-691C-45D6-899C-F71BFFB0C6EC}.Ad-Hoc|x64.Build.0 = Release|x64
		{0F2DEBF8-691C-45D6-899C-F71BFFB0C6EC}.Ad-Hoc|x64.Deploy.0 = Release|x64
		{0F2DEBF8-691C-45D6-899C-F71BFFB0C6EC}.Ad-Hoc|x86.ActiveCfg = Release|x86
		{0F2DEBF8-691C-45D6-899C-F71BFFB0C6EC}.Ad-Hoc|x86.Build.0 = Release|x86
		{0F2DEBF8-691C-45D6-899C-F71BFFB0C6EC}.Ad-Hoc|x86.Deploy.0 = Release|x86
		{0F2DEBF8-691C-45D6-899C-F71BFFB0C6EC}.AppStore|Any CPU.ActiveCfg = Release|x86
		{0F2DEBF8-691C-45D6-899C-F71BFFB0C6EC}.AppStore|Any CPU.Build.0 = Release|x86
		{0F2DEBF8-691C-45D6-899C-F71BFFB0C6EC}.AppStore|Any CPU.Deploy.0 = Release|x86
		{0F2DEBF8-691C-45D6-899C-F71BFFB0C6EC}.AppStore|ARM.ActiveCfg = Release|ARM
		{0F2DEBF8-691C-45D6-899C-F71BFFB0C6EC}.AppStore|ARM.Build.0 = Release|ARM
		{0F2DEBF8-691C-45D6-899C-F71BFFB0C6EC}.AppStore|ARM.Deploy.0 = Release|ARM
		{0F2DEBF8-691C-45D6-899C-F71BFFB0C6EC}.AppStore|iPhone.ActiveCfg = Release|x86
		{0F2DEBF8-691C-45D6-899C-F71BFFB0C6EC}.AppStore|iPhone.Build.0 = Release|x86
		{0F2DEBF8-691C-45D6-899C-F71BFFB0C6EC}.AppStore|iPhone.Deploy.0 = Release|x86
		{0F2DEBF8-691C-45D6-899C-F71BFFB0C6EC}.AppStore|iPhoneSimulator.ActiveCfg = Release|x86
		{0F2DEBF8-691C-45D6-899C-F71BFFB0C6EC}.AppStore|iPhoneSimulator.Build.0 = Release|x86
		{0F2DEBF8-691C-45D6-899C-F71BFFB0C6EC}.AppStore|iPhoneSimulator.Deploy.0 = Release|x86
		{0F2DEBF8-691C-45D6-899C-F71BFFB0C6EC}.AppStore|x64.ActiveCfg = Release|x64
		{0F2DEBF8-691C-45D6-899C-F71BFFB0C6EC}.AppStore|x64.Build.0 = Release|x64
		{0F2DEBF8-691C-45D6-899C-F71BFFB0C6EC}.AppStore|x64.Deploy.0 = Release|x64
		{0F2DEBF8-691C-45D6-899C-F71BFFB0C6EC}.AppStore|x86.ActiveCfg = Release|x86
		{0F2DEBF8-691C-45D6-899C-F71BFFB0C6EC}.AppStore|x86.Build.0 = Release|x86
		{0F2DEBF8-691C-45D6-899C-F71BFFB0C6EC}.AppStore|x86.Deploy.0 = Release|x86
		{0F2DEBF8-691C-45D6-899C-F71BFFB0C6EC}.Debug|Any CPU.ActiveCfg = Debug|x86
		{0F2DEBF8-691C-45D6-899C-F71BFFB0C6EC}.Debug|ARM.ActiveCfg = Debug|ARM
		{0F2DEBF8-691C-45D6-899C-F71BFFB0C6EC}.Debug|ARM.Build.0 = Debug|ARM
		{0F2DEBF8-691C-45D6-899C-F71BFFB0C6EC}.Debug|ARM.Deploy.0 = Debug|ARM
		{0F2DEBF8-691C-45D6-899C-F71BFFB0C6EC}.Debug|iPhone.ActiveCfg = Debug|x86
		{0F2DEBF8-691C-45D6-899C-F71BFFB0C6EC}.Debug|iPhoneSimulator.ActiveCfg = Debug|x86
		{0F2DEBF8-691C-45D6-899C-F71BFFB0C6EC}.Debug|x64.ActiveCfg = Debug|x64
		{0F2DEBF8-691C-45D6-899C-F71BFFB0C6EC}.Debug|x64.Build.0 = Debug|x64
		{0F2DEBF8-691C-45D6-899C-F71BFFB0C6EC}.Debug|x64.Deploy.0 = Debug|x64
		{0F2DEBF8-691C-45D6-899C-F71BFFB0C6EC}.Debug|x86.ActiveCfg = Debug|x86
		{0F2DEBF8-691C-45D6-899C-F71BFFB0C6EC}.Debug|x86.Build.0 = Debug|x86
		{0F2DEBF8-691C-45D6-899C-F71BFFB0C6EC}.Debug|x86.Deploy.0 = Debug|x86
		{0F2DEBF8-691C-45D6-899C-F71BFFB0C6EC}.Release|Any CPU.ActiveCfg = Release|x86
		{0F2DEBF8-691C-45D6-899C-F71BFFB0C6EC}.Release|ARM.ActiveCfg = Release|ARM
		{0F2DEBF8-691C-45D6-899C-F71BFFB0C6EC}.Release|ARM.Build.0 = Release|ARM
		{0F2DEBF8-691C-45D6-899C-F71BFFB0C6EC}.Release|ARM.Deploy.0 = Release|ARM
		{0F2DEBF8-691C-45D6-899C-F71BFFB0C6EC}.Release|iPhone.ActiveCfg = Release|x86
		{0F2DEBF8-691C-45D6-899C-F71BFFB0C6EC}.Release|iPhoneSimulator.ActiveCfg = Release|x86
		{0F2DEBF8-691C-45D6-899C-F71BFFB0C6EC}.Release|x64.ActiveCfg = Release|x64
		{0F2DEBF8-691C-45D6-899C-F71BFFB0C6EC}.Release|x64.Build.0 = Release|x64
		{0F2DEBF8-691C-45D6-899C-F71BFFB0C6EC}.Release|x64.Deploy.0 = Release|x64
		{0F2DEBF8-691C-45D6-899C-F71BFFB0C6EC}.Release|x86.ActiveCfg = Release|x86
		{0F2DEBF8-691C-45D6-899C-F71BFFB0C6EC}.Release|x86.Build.0 = Release|x86
		{0F2DEBF8-691C-45D6-899C-F71BFFB0C6EC}.Release|x86.Deploy.0 = Release|x86
		{DA796C9D-6078-4FF3-8825-0E526FE89290}.Ad-Hoc|Any CPU.ActiveCfg = Ad-Hoc|iPhone
		{DA796C9D-6078-4FF3-8825-0E526FE89290}.Ad-Hoc|ARM.ActiveCfg = Ad-Hoc|iPhone
		{DA796C9D-6078-4FF3-8825-0E526FE89290}.Ad-Hoc|iPhone.ActiveCfg = Ad-Hoc|iPhone
		{DA796C9D-6078-4FF3-8825-0E526FE89290}.Ad-Hoc|iPhone.Build.0 = Ad-Hoc|iPhone
		{DA796C9D-6078-4FF3-8825-0E526FE89290}.Ad-Hoc|iPhoneSimulator.ActiveCfg = Ad-Hoc|iPhoneSimulator
		{DA796C9D-6078-4FF3-8825-0E526FE89290}.Ad-Hoc|iPhoneSimulator.Build.0 = Ad-Hoc|iPhoneSimulator
		{DA796C9D-6078-4FF3-8825-0E526FE89290}.Ad-Hoc|x64.ActiveCfg = Ad-Hoc|iPhone
		{DA796C9D-6078-4FF3-8825-0E526FE89290}.Ad-Hoc|x86.ActiveCfg = Ad-Hoc|iPhone
		{DA796C9D-6078-4FF3-8825-0E526FE89290}.AppStore|Any CPU.ActiveCfg = AppStore|iPhone
		{DA796C9D-6078-4FF3-8825-0E526FE89290}.AppStore|ARM.ActiveCfg = AppStore|iPhone
		{DA796C9D-6078-4FF3-8825-0E526FE89290}.AppStore|iPhone.ActiveCfg = AppStore|iPhone
		{DA796C9D-6078-4FF3-8825-0E526FE89290}.AppStore|iPhone.Build.0 = AppStore|iPhone
		{DA796C9D-6078-4FF3-8825-0E526FE89290}.AppStore|iPhoneSimulator.ActiveCfg = AppStore|iPhoneSimulator
		{DA796C9D-6078-4FF3-8825-0E526FE89290}.AppStore|iPhoneSimulator.Build.0 = AppStore|iPhoneSimulator
		{DA796C9D-6078-4FF3-8825-0E526FE89290}.AppStore|x64.ActiveCfg = AppStore|iPhone
		{DA796C9D-6078-4FF3-8825-0E526FE89290}.AppStore|x86.ActiveCfg = AppStore|iPhone
		{DA796C9D-6078-4FF3-8825-0E526FE89290}.Debug|Any CPU.ActiveCfg = Debug|iPhone
		{DA796C9D-6078-4FF3-8825-0E526FE89290}.Debug|ARM.ActiveCfg = Debug|iPhone
		{DA796C9D-6078-4FF3-8825-0E526FE89290}.Debug|iPhone.ActiveCfg = Debug|iPhone
		{DA796C9D-6078-4FF3-8825-0E526FE89290}.Debug|iPhone.Build.0 = Debug|iPhone
		{DA796C9D-6078-4FF3-8825-0E526FE89290}.Debug|iPhoneSimulator.ActiveCfg = Debug|iPhoneSimulator
		{DA796C9D-6078-4FF3-8825-0E526FE89290}.Debug|iPhoneSimulator.Build.0 = Debug|iPhoneSimulator
		{DA796C9D-6078-4FF3-8825-0E526FE89290}.Debug|x64.ActiveCfg = Debug|iPhone
		{DA796C9D-6078-4FF3-8825-0E526FE89290}.Debug|x86.ActiveCfg = Debug|iPhone
		{DA796C9D-6078-4FF3-8825-0E526FE89290}.Release|Any CPU.ActiveCfg = Release|iPhone
		{DA796C9D-6078-4FF3-8825-0E526FE89290}.Release|ARM.ActiveCfg = Release|iPhone
		{DA796C9D-6078-4FF3-8825-0E526FE89290}.Release|iPhone.ActiveCfg = Release|iPhone
		{DA796C9D-6078-4FF3-8825-0E526FE89290}.Release|iPhone.Build.0 = Release|iPhone
		{DA796C9D-6078-4FF3-8825-0E526FE89290}.Release|iPhoneSimulator.ActiveCfg = Release|iPhoneSimulator
		{DA796C9D-6078-4FF3-8825-0E526FE89290}.Release|iPhoneSimulator.Build.0 = Release|iPhoneSimulator
		{DA796C9D-6078-4FF3-8825-0E526FE89290}.Release|x64.ActiveCfg = Release|iPhone
		{DA796C9D-6078-4FF3-8825-0E526FE89290}.Release|x86.ActiveCfg = Release|iPhone
	EndGlobalSection
	GlobalSection(SolutionProperties) = preSolution
		HideSolutionNode = FALSE
	EndGlobalSection
EndGlobal
